dependencies:
- name: mosquitto
  repository: https://stkr22.github.io/helm-charts
  version: 0.6.0
- name: redis
  repository: https://charts.bitnami.com/bitnami
  version: 20.13.0
digest: sha256:8e8358a6f78850c603cfeeb58e4cc0b5a34b277f06efc4ff8aa506c958b8971c
generated: "2025-04-22T15:34:50.512619679Z"
