dependencies:
- name: postgresql
  repository: https://charts.bitnami.com/bitnami
  version: 15.5.20
- name: mosquitto
  repository: https://stkr22.github.io/helm-charts
  version: 0.5.3
digest: sha256:736a922f69e45adf0f63627afe6e967e1ba4b515291911d5ce758a9bb5a8b716
generated: "2024-07-27T10:47:59.802383799Z"
